
Microsoft Visual Studio Solution File, Format Version 11.00
# Visual Studio 2010
Project("{F184B08F-C81C-45F6-A57F-5ABD9991F28F}") = "SQLQueryResults_CodeGen", "SQLQueryResults_CodeGen\SQLQueryResults_CodeGen.vbproj", "{F8FD29FC-D8AC-4B1E-81C2-1B6AACB9DB89}"
EndProject
Project("{F184B08F-C81C-45F6-A57F-5ABD9991F28F}") = "ADOHelper", "ADOHelper\ADOHelper.vbproj", "{A82A30BE-30CB-4183-86E0-E6C586C48A06}"
EndProject
Global
	GlobalSection(SolutionConfigurationPlatforms) = preSolution
		Debug|Any CPU = Debug|Any CPU
		Debug|Mixed Platforms = Debug|Mixed Platforms
		Debug|x86 = Debug|x86
		Release|Any CPU = Release|Any CPU
		Release|Mixed Platforms = Release|Mixed Platforms
		Release|x86 = Release|x86
	EndGlobalSection
	GlobalSection(ProjectConfigurationPlatforms) = postSolution
		{F8FD29FC-D8AC-4B1E-81C2-1B6AACB9DB89}.Debug|Any CPU.ActiveCfg = Debug|x86
		{F8FD29FC-D8AC-4B1E-81C2-1B6AACB9DB89}.Debug|Mixed Platforms.ActiveCfg = Debug|x86
		{F8FD29FC-D8AC-4B1E-81C2-1B6AACB9DB89}.Debug|Mixed Platforms.Build.0 = Debug|x86
		{F8FD29FC-D8AC-4B1E-81C2-1B6AACB9DB89}.Debug|x86.ActiveCfg = Debug|x86
		{F8FD29FC-D8AC-4B1E-81C2-1B6AACB9DB89}.Debug|x86.Build.0 = Debug|x86
		{F8FD29FC-D8AC-4B1E-81C2-1B6AACB9DB89}.Release|Any CPU.ActiveCfg = Release|x86
		{F8FD29FC-D8AC-4B1E-81C2-1B6AACB9DB89}.Release|Mixed Platforms.ActiveCfg = Release|x86
		{F8FD29FC-D8AC-4B1E-81C2-1B6AACB9DB89}.Release|Mixed Platforms.Build.0 = Release|x86
		{F8FD29FC-D8AC-4B1E-81C2-1B6AACB9DB89}.Release|x86.ActiveCfg = Release|x86
		{F8FD29FC-D8AC-4B1E-81C2-1B6AACB9DB89}.Release|x86.Build.0 = Release|x86
		{A82A30BE-30CB-4183-86E0-E6C586C48A06}.Debug|Any CPU.ActiveCfg = Debug|Any CPU
		{A82A30BE-30CB-4183-86E0-E6C586C48A06}.Debug|Any CPU.Build.0 = Debug|Any CPU
		{A82A30BE-30CB-4183-86E0-E6C586C48A06}.Debug|Mixed Platforms.ActiveCfg = Debug|Any CPU
		{A82A30BE-30CB-4183-86E0-E6C586C48A06}.Debug|Mixed Platforms.Build.0 = Debug|Any CPU
		{A82A30BE-30CB-4183-86E0-E6C586C48A06}.Debug|x86.ActiveCfg = Debug|Any CPU
		{A82A30BE-30CB-4183-86E0-E6C586C48A06}.Release|Any CPU.ActiveCfg = Release|Any CPU
		{A82A30BE-30CB-4183-86E0-E6C586C48A06}.Release|Any CPU.Build.0 = Release|Any CPU
		{A82A30BE-30CB-4183-86E0-E6C586C48A06}.Release|Mixed Platforms.ActiveCfg = Release|Any CPU
		{A82A30BE-30CB-4183-86E0-E6C586C48A06}.Release|Mixed Platforms.Build.0 = Release|Any CPU
		{A82A30BE-30CB-4183-86E0-E6C586C48A06}.Release|x86.ActiveCfg = Release|Any CPU
	EndGlobalSection
	GlobalSection(SolutionProperties) = preSolution
		HideSolutionNode = FALSE
	EndGlobalSection
EndGlobal
